
Microsoft Visual Studio Solution File, Format Version 12.00
# Visual Studio 15
VisualStudioVersion = 15.0.28307.1145
MinimumVisualStudioVersion = 10.0.40219.1
Project("{9A19103F-16F7-4668-BE54-9A1E7A4F7556}") = "PizzaOrderingApiServer", "PizzaOrderingApiServer\PizzaOrderingApiServer.csproj", "{55E6DE10-1E59-4E99-98DF-8E3622AF7848}"
EndProject
Project("{9A19103F-16F7-4668-BE54-9A1E7A4F7556}") = "Business", "ApiServices\Business.csproj", "{301B684C-E511-4E2C-A6E6-F5B7399764A4}"
EndProject
Project("{9A19103F-16F7-4668-BE54-9A1E7A4F7556}") = "Data", "Data\Data.csproj", "{05D503F2-C617-4ECC-AD75-141195934009}"
EndProject
Project("{9A19103F-16F7-4668-BE54-9A1E7A4F7556}") = "DomainResource", "DomainResource\DomainResource.csproj", "{EC463BB8-FF03-43F0-BD88-38DBB3825A19}"
EndProject
Project("{FAE04EC0-301F-11D3-BF4B-00C04F79EFBC}") = "Utility", "Utility\Utility.csproj", "{29AB94D9-D129-4263-A7DF-C6FE76EE4D75}"
EndProject
Project("{FAE04EC0-301F-11D3-BF4B-00C04F79EFBC}") = "ClientServer", "ClientServer\ClientServer.csproj", "{5623C2E0-66E6-4847-BD35-D2FC84FC3156}"
EndProject
Global
	GlobalSection(SolutionConfigurationPlatforms) = preSolution
		Debug|Any CPU = Debug|Any CPU
		Release|Any CPU = Release|Any CPU
	EndGlobalSection
	GlobalSection(ProjectConfigurationPlatforms) = postSolution
		{55E6DE10-1E59-4E99-98DF-8E3622AF7848}.Debug|Any CPU.ActiveCfg = Debug|Any CPU
		{55E6DE10-1E59-4E99-98DF-8E3622AF7848}.Debug|Any CPU.Build.0 = Debug|Any CPU
		{55E6DE10-1E59-4E99-98DF-8E3622AF7848}.Release|Any CPU.ActiveCfg = Release|Any CPU
		{55E6DE10-1E59-4E99-98DF-8E3622AF7848}.Release|Any CPU.Build.0 = Release|Any CPU
		{301B684C-E511-4E2C-A6E6-F5B7399764A4}.Debug|Any CPU.ActiveCfg = Debug|Any CPU
		{301B684C-E511-4E2C-A6E6-F5B7399764A4}.Debug|Any CPU.Build.0 = Debug|Any CPU
		{301B684C-E511-4E2C-A6E6-F5B7399764A4}.Release|Any CPU.ActiveCfg = Release|Any CPU
		{301B684C-E511-4E2C-A6E6-F5B7399764A4}.Release|Any CPU.Build.0 = Release|Any CPU
		{05D503F2-C617-4ECC-AD75-141195934009}.Debug|Any CPU.ActiveCfg = Debug|Any CPU
		{05D503F2-C617-4ECC-AD75-141195934009}.Debug|Any CPU.Build.0 = Debug|Any CPU
		{05D503F2-C617-4ECC-AD75-141195934009}.Release|Any CPU.ActiveCfg = Release|Any CPU
		{05D503F2-C617-4ECC-AD75-141195934009}.Release|Any CPU.Build.0 = Release|Any CPU
		{EC463BB8-FF03-43F0-BD88-38DBB3825A19}.Debug|Any CPU.ActiveCfg = Debug|Any CPU
		{EC463BB8-FF03-43F0-BD88-38DBB3825A19}.Debug|Any CPU.Build.0 = Debug|Any CPU
		{EC463BB8-FF03-43F0-BD88-38DBB3825A19}.Release|Any CPU.ActiveCfg = Release|Any CPU
		{EC463BB8-FF03-43F0-BD88-38DBB3825A19}.Release|Any CPU.Build.0 = Release|Any CPU
		{29AB94D9-D129-4263-A7DF-C6FE76EE4D75}.Debug|Any CPU.ActiveCfg = Debug|Any CPU
		{29AB94D9-D129-4263-A7DF-C6FE76EE4D75}.Debug|Any CPU.Build.0 = Debug|Any CPU
		{29AB94D9-D129-4263-A7DF-C6FE76EE4D75}.Release|Any CPU.ActiveCfg = Release|Any CPU
		{29AB94D9-D129-4263-A7DF-C6FE76EE4D75}.Release|Any CPU.Build.0 = Release|Any CPU
		{5623C2E0-66E6-4847-BD35-D2FC84FC3156}.Debug|Any CPU.ActiveCfg = Debug|Any CPU
		{5623C2E0-66E6-4847-BD35-D2FC84FC3156}.Debug|Any CPU.Build.0 = Debug|Any CPU
		{5623C2E0-66E6-4847-BD35-D2FC84FC3156}.Release|Any CPU.ActiveCfg = Release|Any CPU
		{5623C2E0-66E6-4847-BD35-D2FC84FC3156}.Release|Any CPU.Build.0 = Release|Any CPU
	EndGlobalSection
	GlobalSection(SolutionProperties) = preSolution
		HideSolutionNode = FALSE
	EndGlobalSection
	GlobalSection(ExtensibilityGlobals) = postSolution
		SolutionGuid = {C442C62B-9D14-41F6-841A-876CF9F138CC}
	EndGlobalSection
EndGlobal
